{
  "version": 4,
  "terraform_version": "1.7.5",
  "serial": 8,
  "lineage": "dcfc8068-5692-e5ef-d456-8c17046e9b2f",
  "outputs": {
    "Print-Security-Group-Id": {
      "value": "sg-0222901aa2f6444b0",
      "type": "string"
    },
    "print-key-name": {
      "value": "key-tf",
      "type": "string"
    }
  },
  "resources": [
    {
      "mode": "managed",
      "type": "aws_instance",
      "name": "demo-instance",
      "provider": "provider[\"registry.terraform.io/hashicorp/aws\"]",
      "instances": [
        {
          "schema_version": 1,
          "attributes": {
            "ami": "ami-0b8b44ec9a8f90422",
            "arn": "arn:aws:ec2:us-east-2:274535204703:instance/i-01aac87371845c795",
            "associate_public_ip_address": true,
            "availability_zone": "us-east-2a",
            "capacity_reservation_specification": [
              {
                "capacity_reservation_preference": "open",
                "capacity_reservation_target": []
              }
            ],
            "cpu_core_count": 1,
            "cpu_options": [
              {
                "amd_sev_snp": "",
                "core_count": 1,
                "threads_per_core": 1
              }
            ],
            "cpu_threads_per_core": 1,
            "credit_specification": [
              {
                "cpu_credits": "standard"
              }
            ],
            "disable_api_stop": false,
            "disable_api_termination": false,
            "ebs_block_device": [],
            "ebs_optimized": false,
            "enclave_options": [
              {
                "enabled": false
              }
            ],
            "ephemeral_block_device": [],
            "get_password_data": false,
            "hibernation": false,
            "host_id": "",
            "host_resource_group_arn": null,
            "iam_instance_profile": "",
            "id": "i-01aac87371845c795",
            "instance_initiated_shutdown_behavior": "stop",
            "instance_lifecycle": "",
            "instance_market_options": [],
            "instance_state": "running",
            "instance_type": "t2.micro",
            "ipv6_address_count": 0,
            "ipv6_addresses": [],
            "key_name": "key-tf",
            "launch_template": [],
            "maintenance_options": [
              {
                "auto_recovery": "default"
              }
            ],
            "metadata_options": [
              {
                "http_endpoint": "enabled",
                "http_protocol_ipv6": "disabled",
                "http_put_response_hop_limit": 1,
                "http_tokens": "optional",
                "instance_metadata_tags": "disabled"
              }
            ],
            "monitoring": false,
            "network_interface": [],
            "outpost_arn": "",
            "password_data": "",
            "placement_group": "",
            "placement_partition_number": 0,
            "primary_network_interface_id": "eni-02f91dfbbc693ef99",
            "private_dns": "ip-172-31-0-59.us-east-2.compute.internal",
            "private_dns_name_options": [
              {
                "enable_resource_name_dns_a_record": false,
                "enable_resource_name_dns_aaaa_record": false,
                "hostname_type": "ip-name"
              }
            ],
            "private_ip": "172.31.0.59",
            "public_dns": "ec2-3-142-173-192.us-east-2.compute.amazonaws.com",
            "public_ip": "3.142.173.192",
            "root_block_device": [
              {
                "delete_on_termination": true,
                "device_name": "/dev/sda1",
                "encrypted": false,
                "iops": 100,
                "kms_key_id": "",
                "tags": {},
                "tags_all": {},
                "throughput": 0,
                "volume_id": "vol-05772bd5fa2cee723",
                "volume_size": 8,
                "volume_type": "gp2"
              }
            ],
            "secondary_private_ips": [],
            "security_groups": [
              "demo-security-group"
            ],
            "source_dest_check": true,
            "spot_instance_request_id": "",
            "subnet_id": "subnet-0f4fdb365a2faa699",
            "tags": {
              "Name": "demo_instance"
            },
            "tags_all": {
              "Name": "demo_instance"
            },
            "tenancy": "default",
            "timeouts": null,
            "user_data": "4c7739904cef0dbed30c2c0ec2ef4e317d3e9ea2",
            "user_data_base64": null,
            "user_data_replace_on_change": false,
            "volume_tags": null,
            "vpc_security_group_ids": [
              "sg-0222901aa2f6444b0"
            ]
          },
          "sensitive_attributes": [],
          "private": "eyJlMmJmYjczMC1lY2FhLTExZTYtOGY4OC0zNDM2M2JjN2M0YzAiOnsiY3JlYXRlIjo2MDAwMDAwMDAwMDAsImRlbGV0ZSI6MTIwMDAwMDAwMDAwMCwicmVhZCI6OTAwMDAwMDAwMDAwLCJ1cGRhdGUiOjYwMDAwMDAwMDAwMH0sInNjaGVtYV92ZXJzaW9uIjoiMSJ9",
          "dependencies": [
            "aws_key_pair.key-tf",
            "aws_security_group.demo-security-group"
          ]
        }
      ]
    },
    {
      "mode": "managed",
      "type": "aws_key_pair",
      "name": "key-tf",
      "provider": "provider[\"registry.terraform.io/hashicorp/aws\"]",
      "instances": [
        {
          "schema_version": 1,
          "attributes": {
            "arn": "arn:aws:ec2:us-east-2:274535204703:key-pair/key-tf",
            "fingerprint": "7c:99:ca:53:bf:d6:49:bc:50:4a:45:2b:0f:b3:98:78",
            "id": "key-tf",
            "key_name": "key-tf",
            "key_name_prefix": "",
            "key_pair_id": "key-0285cc695aaad423e",
            "key_type": "rsa",
            "public_key": "ssh-rsa AAAAB3NzaC1yc2EAAAADAQABAAABgQDrXKhJNCfC3pPJBpo+gKbzZ1fqyFXbJuhdfjOzv5OsBo1nX5Wlf7g/6Rb4kbgJsqCRKn1HvmCvl/glzPmbQj/zmXthdJcFwgr6VAEx0mtq5r240rZtT0y3D48p6ABDmYX6XrZ9Lc6bm6T5PiVrfE8Ly8iV72gvraFVKhnbw/GDZfzdQJvatMM5iHTgxlRzsrvgR6AYHS7dGCSmXcDYGV5qphHz30JAmZBR+aA0Utmd3Q6nhNlSlrK0sMy1wkJrcKWdz3F4bQtpWcx9o3gF6Um9f3JQpMFHRDPqgcfiegVsM3cd+X9Sj3HgvFjxiTBE4BETLDfAui2LzlM4haGZ/c1h13mN0I+hB6halfhEa55j+w+ac9A5xtdQ2EQmZHTTZMqXLEfvYKlDh60sCVuL277bfgdFX/eTou/i/+nMJ+MNZHWUp82cAnIG2QV5661/f53LXtAlPXqgMt6wcjcqK2JuLKw1DI8jAghwRD5ioNn0JV2RBX6pMbyppJyKd01B4R0= root@ip-172-31-17-50",
            "tags": {},
            "tags_all": {}
          },
          "sensitive_attributes": [],
          "private": "eyJzY2hlbWFfdmVyc2lvbiI6IjEifQ=="
        }
      ]
    },
    {
      "mode": "managed",
      "type": "aws_security_group",
      "name": "demo-security-group",
      "provider": "provider[\"registry.terraform.io/hashicorp/aws\"]",
      "instances": [
        {
          "schema_version": 1,
          "attributes": {
            "arn": "arn:aws:ec2:us-east-2:274535204703:security-group/sg-0222901aa2f6444b0",
            "description": "Allow TLS inbound traffic",
            "egress": [
              {
                "cidr_blocks": [
                  "0.0.0.0/0"
                ],
                "description": "",
                "from_port": 0,
                "ipv6_cidr_blocks": [],
                "prefix_list_ids": [],
                "protocol": "-1",
                "security_groups": [],
                "self": false,
                "to_port": 0
              }
            ],
            "id": "sg-0222901aa2f6444b0",
            "ingress": [
              {
                "cidr_blocks": [
                  "0.0.0.0/0"
                ],
                "description": "Allow all tls",
                "from_port": 0,
                "ipv6_cidr_blocks": [],
                "prefix_list_ids": [],
                "protocol": "-1",
                "security_groups": [],
                "self": false,
                "to_port": 0
              }
            ],
            "name": "demo-security-group",
            "name_prefix": "",
            "owner_id": "274535204703",
            "revoke_rules_on_delete": false,
            "tags": {
              "Name": "Example-Security-group"
            },
            "tags_all": {
              "Name": "Example-Security-group"
            },
            "timeouts": null,
            "vpc_id": "vpc-0424408e3b621aee3"
          },
          "sensitive_attributes": [],
          "private": "eyJlMmJmYjczMC1lY2FhLTExZTYtOGY4OC0zNDM2M2JjN2M0YzAiOnsiY3JlYXRlIjo2MDAwMDAwMDAwMDAsImRlbGV0ZSI6OTAwMDAwMDAwMDAwfSwic2NoZW1hX3ZlcnNpb24iOiIxIn0="
        }
      ]
    }
  ],
  "check_results": null
}
